
Microsoft Visual Studio Solution File, Format Version 12.00
# Visual Studio Version 17
VisualStudioVersion = 17.9.34701.34
MinimumVisualStudioVersion = 10.0.40219.1
Project("{FAE04EC0-301F-11D3-BF4B-00C04F79EFBC}") = "HelloWorldWinform31", "HelloWorldWinform31\HelloWorldWinform31.csproj", "{4E94FACB-7975-448F-841E-4170971DC3CA}"
EndProject
Global
	GlobalSection(SolutionConfigurationPlatforms) = preSolution
		Debug|Any CPU = Debug|Any CPU
		Release|Any CPU = Release|Any CPU
	EndGlobalSection
	GlobalSection(ProjectConfigurationPlatforms) = postSolution
		{4E94FACB-7975-448F-841E-4170971DC3CA}.Debug|Any CPU.ActiveCfg = Debug|Any CPU
		{4E94FACB-7975-448F-841E-4170971DC3CA}.Debug|Any CPU.Build.0 = Debug|Any CPU
		{4E94FACB-7975-448F-841E-4170971DC3CA}.Release|Any CPU.ActiveCfg = Release|Any CPU
		{4E94FACB-7975-448F-841E-4170971DC3CA}.Release|Any CPU.Build.0 = Release|Any CPU
	EndGlobalSection
	GlobalSection(SolutionProperties) = preSolution
		HideSolutionNode = FALSE
	EndGlobalSection
	GlobalSection(ExtensibilityGlobals) = postSolution
		SolutionGuid = {9F8203EC-FDA0-4EA8-B408-A37C3A45DE79}
	EndGlobalSection
EndGlobal
